
Microsoft Visual Studio Solution File, Format Version 12.00
# Visual Studio Version 17
VisualStudioVersion = 17.14.36616.10 d17.14
MinimumVisualStudioVersion = 10.0.40219.1
Project("{FAE04EC0-301F-11D3-BF4B-00C04F79EFBC}") = "Final_Project_MillerMadalyn", "Final_Project_MillerMadalyn.csproj", "{C51478DB-5B60-496D-A6A8-D0590DA02AAA}"
EndProject
Global
	GlobalSection(SolutionConfigurationPlatforms) = preSolution
		Debug|Any CPU = Debug|Any CPU
		Release|Any CPU = Release|Any CPU
	EndGlobalSection
	GlobalSection(ProjectConfigurationPlatforms) = postSolution
		{C51478DB-5B60-496D-A6A8-D0590DA02AAA}.Debug|Any CPU.ActiveCfg = Debug|Any CPU
		{C51478DB-5B60-496D-A6A8-D0590DA02AAA}.Debug|Any CPU.Build.0 = Debug|Any CPU
		{C51478DB-5B60-496D-A6A8-D0590DA02AAA}.Release|Any CPU.ActiveCfg = Release|Any CPU
		{C51478DB-5B60-496D-A6A8-D0590DA02AAA}.Release|Any CPU.Build.0 = Release|Any CPU
	EndGlobalSection
	GlobalSection(SolutionProperties) = preSolution
		HideSolutionNode = FALSE
	EndGlobalSection
	GlobalSection(ExtensibilityGlobals) = postSolution
		SolutionGuid = {FF864941-F59B-4C70-8735-2C7233ADE54A}
	EndGlobalSection
EndGlobal
